{
  "name": "kino_app",
  "lockfileVersion": 2,
  "requires": true,
  "packages": {
    "": {
      "dependencies": {
        "lightslider": "^1.1.6"
      }
    },
    "node_modules/jquery": {
      "version": "3.6.0",
      "resolved": "https://registry.npmjs.org/jquery/-/jquery-3.6.0.tgz",
      "integrity": "sha512-JVzAR/AjBvVt2BmYhxRCSYysDsPcssdmTFnzyLEts9qNwmjmu4JTAMYubEfwVOSwpQ1I1sKKFcxhZCI2buerfw=="
    },
    "node_modules/lightslider": {
      "version": "1.1.6",
      "resolved": "https://registry.npmjs.org/lightslider/-/lightslider-1.1.6.tgz",
      "integrity": "sha512-p7zftx1gOEUqTz1ABByZE4iVbrdp3zp6DxeMUB98yiuGlh09RF7P/n5Io0sZ4LOKKmaXa9DP506Fq+3RPazNkA==",
      "dependencies": {
        "jquery": ">= 1.7.0"
      }
    }
  },
  "dependencies": {
    "jquery": {
      "version": "3.6.0",
      "resolved": "https://registry.npmjs.org/jquery/-/jquery-3.6.0.tgz",
      "integrity": "sha512-JVzAR/AjBvVt2BmYhxRCSYysDsPcssdmTFnzyLEts9qNwmjmu4JTAMYubEfwVOSwpQ1I1sKKFcxhZCI2buerfw=="
    },
    "lightslider": {
      "version": "1.1.6",
      "resolved": "https://registry.npmjs.org/lightslider/-/lightslider-1.1.6.tgz",
      "integrity": "sha512-p7zftx1gOEUqTz1ABByZE4iVbrdp3zp6DxeMUB98yiuGlh09RF7P/n5Io0sZ4LOKKmaXa9DP506Fq+3RPazNkA==",
      "requires": {
        "jquery": ">= 1.7.0"
      }
    }
  }
}
